
Microsoft Visual Studio Solution File, Format Version 12.00
# Visual Studio 15
VisualStudioVersion = 15.0.28307.168
MinimumVisualStudioVersion = 10.0.40219.1
Project("{9A19103F-16F7-4668-BE54-9A1E7A4F7556}") = "Persistence", "Persistence\Persistence.csproj", "{F1EDF8D6-F913-4E9C-9DEF-D34A047E6612}"
EndProject
Project("{9A19103F-16F7-4668-BE54-9A1E7A4F7556}") = "Domain", "Domain\Domain.csproj", "{782BF583-2D57-4610-89E5-700F82F0F319}"
EndProject
Project("{9A19103F-16F7-4668-BE54-9A1E7A4F7556}") = "Services", "Services\Services.csproj", "{82CDAFD0-2D28-4417-BCAC-0E275E122A2D}"
EndProject
Project("{9A19103F-16F7-4668-BE54-9A1E7A4F7556}") = "UI", "UI\UI.csproj", "{555921C4-C7FB-4FA0-BF55-29994154337C}"
EndProject
Project("{9A19103F-16F7-4668-BE54-9A1E7A4F7556}") = "Interfaces", "Interfaces\Interfaces.csproj", "{53733F34-32CF-435C-BD14-C354FA8EB33A}"
EndProject
Project("{9A19103F-16F7-4668-BE54-9A1E7A4F7556}") = "Main", "Main\Main.csproj", "{B0FFE6A7-24A0-4311-BC6A-57B1C1E15161}"
EndProject
Project("{FAE04EC0-301F-11D3-BF4B-00C04F79EFBC}") = "UIMobile.Android", "UIMobile\UIMobile.Android\UIMobile.Android.csproj", "{6F27BE19-6934-40F6-AC9B-10EF1224DC98}"
EndProject
Project("{FAE04EC0-301F-11D3-BF4B-00C04F79EFBC}") = "UIMobile.iOS", "UIMobile\UIMobile.iOS\UIMobile.iOS.csproj", "{DF03E823-A917-4C66-A237-2658C99329EF}"
EndProject
Project("{FAE04EC0-301F-11D3-BF4B-00C04F79EFBC}") = "UIMobile.UWP", "UIMobile\UIMobile.UWP\UIMobile.UWP.csproj", "{7FE7EEE5-2FE7-4A24-93B5-DFFFE2161FDD}"
EndProject
Project("{FAE04EC0-301F-11D3-BF4B-00C04F79EFBC}") = "UIMobile", "UIMobile\UIMobile\UIMobile.csproj", "{16EAC910-10B0-4B1B-90B3-C6D57F1FF475}"
EndProject
Global
	GlobalSection(SolutionConfigurationPlatforms) = preSolution
		Ad-Hoc|Any CPU = Ad-Hoc|Any CPU
		Ad-Hoc|ARM = Ad-Hoc|ARM
		Ad-Hoc|ARM64 = Ad-Hoc|ARM64
		Ad-Hoc|iPhone = Ad-Hoc|iPhone
		Ad-Hoc|iPhoneSimulator = Ad-Hoc|iPhoneSimulator
		Ad-Hoc|x64 = Ad-Hoc|x64
		Ad-Hoc|x86 = Ad-Hoc|x86
		AppStore|Any CPU = AppStore|Any CPU
		AppStore|ARM = AppStore|ARM
		AppStore|ARM64 = AppStore|ARM64
		AppStore|iPhone = AppStore|iPhone
		AppStore|iPhoneSimulator = AppStore|iPhoneSimulator
		AppStore|x64 = AppStore|x64
		AppStore|x86 = AppStore|x86
		Debug|Any CPU = Debug|Any CPU
		Debug|ARM = Debug|ARM
		Debug|ARM64 = Debug|ARM64
		Debug|iPhone = Debug|iPhone
		Debug|iPhoneSimulator = Debug|iPhoneSimulator
		Debug|x64 = Debug|x64
		Debug|x86 = Debug|x86
		Release|Any CPU = Release|Any CPU
		Release|ARM = Release|ARM
		Release|ARM64 = Release|ARM64
		Release|iPhone = Release|iPhone
		Release|iPhoneSimulator = Release|iPhoneSimulator
		Release|x64 = Release|x64
		Release|x86 = Release|x86
	EndGlobalSection
	GlobalSection(ProjectConfigurationPlatforms) = postSolution
		{F1EDF8D6-F913-4E9C-9DEF-D34A047E6612}.Ad-Hoc|Any CPU.ActiveCfg = Release|Any CPU
		{F1EDF8D6-F913-4E9C-9DEF-D34A047E6612}.Ad-Hoc|Any CPU.Build.0 = Release|Any CPU
		{F1EDF8D6-F913-4E9C-9DEF-D34A047E6612}.Ad-Hoc|ARM.ActiveCfg = Release|Any CPU
		{F1EDF8D6-F913-4E9C-9DEF-D34A047E6612}.Ad-Hoc|ARM.Build.0 = Release|Any CPU
		{F1EDF8D6-F913-4E9C-9DEF-D34A047E6612}.Ad-Hoc|ARM64.ActiveCfg = Release|Any CPU
		{F1EDF8D6-F913-4E9C-9DEF-D34A047E6612}.Ad-Hoc|ARM64.Build.0 = Release|Any CPU
		{F1EDF8D6-F913-4E9C-9DEF-D34A047E6612}.Ad-Hoc|iPhone.ActiveCfg = Release|Any CPU
		{F1EDF8D6-F913-4E9C-9DEF-D34A047E6612}.Ad-Hoc|iPhone.Build.0 = Release|Any CPU
		{F1EDF8D6-F913-4E9C-9DEF-D34A047E6612}.Ad-Hoc|iPhoneSimulator.ActiveCfg = Release|Any CPU
		{F1EDF8D6-F913-4E9C-9DEF-D34A047E6612}.Ad-Hoc|iPhoneSimulator.Build.0 = Release|Any CPU
		{F1EDF8D6-F913-4E9C-9DEF-D34A047E6612}.Ad-Hoc|x64.ActiveCfg = Release|Any CPU
		{F1EDF8D6-F913-4E9C-9DEF-D34A047E6612}.Ad-Hoc|x64.Build.0 = Release|Any CPU
		{F1EDF8D6-F913-4E9C-9DEF-D34A047E6612}.Ad-Hoc|x86.ActiveCfg = Release|Any CPU
		{F1EDF8D6-F913-4E9C-9DEF-D34A047E6612}.Ad-Hoc|x86.Build.0 = Release|Any CPU
		{F1EDF8D6-F913-4E9C-9DEF-D34A047E6612}.AppStore|Any CPU.ActiveCfg = Release|Any CPU
		{F1EDF8D6-F913-4E9C-9DEF-D34A047E6612}.AppStore|Any CPU.Build.0 = Release|Any CPU
		{F1EDF8D6-F913-4E9C-9DEF-D34A047E6612}.AppStore|ARM.ActiveCfg = Release|Any CPU
		{F1EDF8D6-F913-4E9C-9DEF-D34A047E6612}.AppStore|ARM.Build.0 = Release|Any CPU
		{F1EDF8D6-F913-4E9C-9DEF-D34A047E6612}.AppStore|ARM64.ActiveCfg = Release|Any CPU
		{F1EDF8D6-F913-4E9C-9DEF-D34A047E6612}.AppStore|ARM64.Build.0 = Release|Any CPU
		{F1EDF8D6-F913-4E9C-9DEF-D34A047E6612}.AppStore|iPhone.ActiveCfg = Release|Any CPU
		{F1EDF8D6-F913-4E9C-9DEF-D34A047E6612}.AppStore|iPhone.Build.0 = Release|Any CPU
		{F1EDF8D6-F913-4E9C-9DEF-D34A047E6612}.AppStore|iPhoneSimulator.ActiveCfg = Release|Any CPU
		{F1EDF8D6-F913-4E9C-9DEF-D34A047E6612}.AppStore|iPhoneSimulator.Build.0 = Release|Any CPU
		{F1EDF8D6-F913-4E9C-9DEF-D34A047E6612}.AppStore|x64.ActiveCfg = Release|Any CPU
		{F1EDF8D6-F913-4E9C-9DEF-D34A047E6612}.AppStore|x64.Build.0 = Release|Any CPU
		{F1EDF8D6-F913-4E9C-9DEF-D34A047E6612}.AppStore|x86.ActiveCfg = Release|Any CPU
		{F1EDF8D6-F913-4E9C-9DEF-D34A047E6612}.AppStore|x86.Build.0 = Release|Any CPU
		{F1EDF8D6-F913-4E9C-9DEF-D34A047E6612}.Debug|Any CPU.ActiveCfg = Debug|Any CPU
		{F1EDF8D6-F913-4E9C-9DEF-D34A047E6612}.Debug|Any CPU.Build.0 = Debug|Any CPU
		{F1EDF8D6-F913-4E9C-9DEF-D34A047E6612}.Debug|ARM.ActiveCfg = Debug|Any CPU
		{F1EDF8D6-F913-4E9C-9DEF-D34A047E6612}.Debug|ARM.Build.0 = Debug|Any CPU
		{F1EDF8D6-F913-4E9C-9DEF-D34A047E6612}.Debug|ARM64.ActiveCfg = Debug|Any CPU
		{F1EDF8D6-F913-4E9C-9DEF-D34A047E6612}.Debug|ARM64.Build.0 = Debug|Any CPU
		{F1EDF8D6-F913-4E9C-9DEF-D34A047E6612}.Debug|iPhone.ActiveCfg = Debug|Any CPU
		{F1EDF8D6-F913-4E9C-9DEF-D34A047E6612}.Debug|iPhone.Build.0 = Debug|Any CPU
		{F1EDF8D6-F913-4E9C-9DEF-D34A047E6612}.Debug|iPhoneSimulator.ActiveCfg = Debug|Any CPU
		{F1EDF8D6-F913-4E9C-9DEF-D34A047E6612}.Debug|iPhoneSimulator.Build.0 = Debug|Any CPU
		{F1EDF8D6-F913-4E9C-9DEF-D34A047E6612}.Debug|x64.ActiveCfg = Debug|Any CPU
		{F1EDF8D6-F913-4E9C-9DEF-D34A047E6612}.Debug|x64.Build.0 = Debug|Any CPU
		{F1EDF8D6-F913-4E9C-9DEF-D34A047E6612}.Debug|x86.ActiveCfg = Debug|Any CPU
		{F1EDF8D6-F913-4E9C-9DEF-D34A047E6612}.Debug|x86.Build.0 = Debug|Any CPU
		{F1EDF8D6-F913-4E9C-9DEF-D34A047E6612}.Release|Any CPU.ActiveCfg = Release|Any CPU
		{F1EDF8D6-F913-4E9C-9DEF-D34A047E6612}.Release|Any CPU.Build.0 = Release|Any CPU
		{F1EDF8D6-F913-4E9C-9DEF-D34A047E6612}.Release|ARM.ActiveCfg = Release|Any CPU
		{F1EDF8D6-F913-4E9C-9DEF-D34A047E6612}.Release|ARM.Build.0 = Release|Any CPU
		{F1EDF8D6-F913-4E9C-9DEF-D34A047E6612}.Release|ARM64.ActiveCfg = Release|Any CPU
		{F1EDF8D6-F913-4E9C-9DEF-D34A047E6612}.Release|ARM64.Build.0 = Release|Any CPU
		{F1EDF8D6-F913-4E9C-9DEF-D34A047E6612}.Release|iPhone.ActiveCfg = Release|Any CPU
		{F1EDF8D6-F913-4E9C-9DEF-D34A047E6612}.Release|iPhone.Build.0 = Release|Any CPU
		{F1EDF8D6-F913-4E9C-9DEF-D34A047E6612}.Release|iPhoneSimulator.ActiveCfg = Release|Any CPU
		{F1EDF8D6-F913-4E9C-9DEF-D34A047E6612}.Release|iPhoneSimulator.Build.0 = Release|Any CPU
		{F1EDF8D6-F913-4E9C-9DEF-D34A047E6612}.Release|x64.ActiveCfg = Release|Any CPU
		{F1EDF8D6-F913-4E9C-9DEF-D34A047E6612}.Release|x64.Build.0 = Release|Any CPU
		{F1EDF8D6-F913-4E9C-9DEF-D34A047E6612}.Release|x86.ActiveCfg = Release|Any CPU
		{F1EDF8D6-F913-4E9C-9DEF-D34A047E6612}.Release|x86.Build.0 = Release|Any CPU
		{782BF583-2D57-4610-89E5-700F82F0F319}.Ad-Hoc|Any CPU.ActiveCfg = Release|Any CPU
		{782BF583-2D57-4610-89E5-700F82F0F319}.Ad-Hoc|Any CPU.Build.0 = Release|Any CPU
		{782BF583-2D57-4610-89E5-700F82F0F319}.Ad-Hoc|ARM.ActiveCfg = Release|Any CPU
		{782BF583-2D57-4610-89E5-700F82F0F319}.Ad-Hoc|ARM.Build.0 = Release|Any CPU
		{782BF583-2D57-4610-89E5-700F82F0F319}.Ad-Hoc|ARM64.ActiveCfg = Release|Any CPU
		{782BF583-2D57-4610-89E5-700F82F0F319}.Ad-Hoc|ARM64.Build.0 = Release|Any CPU
		{782BF583-2D57-4610-89E5-700F82F0F319}.Ad-Hoc|iPhone.ActiveCfg = Release|Any CPU
		{782BF583-2D57-4610-89E5-700F82F0F319}.Ad-Hoc|iPhone.Build.0 = Release|Any CPU
		{782BF583-2D57-4610-89E5-700F82F0F319}.Ad-Hoc|iPhoneSimulator.ActiveCfg = Release|Any CPU
		{782BF583-2D57-4610-89E5-700F82F0F319}.Ad-Hoc|iPhoneSimulator.Build.0 = Release|Any CPU
		{782BF583-2D57-4610-89E5-700F82F0F319}.Ad-Hoc|x64.ActiveCfg = Release|Any CPU
		{782BF583-2D57-4610-89E5-700F82F0F319}.Ad-Hoc|x64.Build.0 = Release|Any CPU
		{782BF583-2D57-4610-89E5-700F82F0F319}.Ad-Hoc|x86.ActiveCfg = Release|Any CPU
		{782BF583-2D57-4610-89E5-700F82F0F319}.Ad-Hoc|x86.Build.0 = Release|Any CPU
		{782BF583-2D57-4610-89E5-700F82F0F319}.AppStore|Any CPU.ActiveCfg = Release|Any CPU
		{782BF583-2D57-4610-89E5-700F82F0F319}.AppStore|Any CPU.Build.0 = Release|Any CPU
		{782BF583-2D57-4610-89E5-700F82F0F319}.AppStore|ARM.ActiveCfg = Release|Any CPU
		{782BF583-2D57-4610-89E5-700F82F0F319}.AppStore|ARM.Build.0 = Release|Any CPU
		{782BF583-2D57-4610-89E5-700F82F0F319}.AppStore|ARM64.ActiveCfg = Release|Any CPU
		{782BF583-2D57-4610-89E5-700F82F0F319}.AppStore|ARM64.Build.0 = Release|Any CPU
		{782BF583-2D57-4610-89E5-700F82F0F319}.AppStore|iPhone.ActiveCfg = Release|Any CPU
		{782BF583-2D57-4610-89E5-700F82F0F319}.AppStore|iPhone.Build.0 = Release|Any CPU
		{782BF583-2D57-4610-89E5-700F82F0F319}.AppStore|iPhoneSimulator.ActiveCfg = Release|Any CPU
		{782BF583-2D57-4610-89E5-700F82F0F319}.AppStore|iPhoneSimulator.Build.0 = Release|Any CPU
		{782BF583-2D57-4610-89E5-700F82F0F319}.AppStore|x64.ActiveCfg = Release|Any CPU
		{782BF583-2D57-4610-89E5-700F82F0F319}.AppStore|x64.Build.0 = Release|Any CPU
		{782BF583-2D57-4610-89E5-700F82F0F319}.AppStore|x86.ActiveCfg = Release|Any CPU
		{782BF583-2D57-4610-89E5-700F82F0F319}.AppStore|x86.Build.0 = Release|Any CPU
		{782BF583-2D57-4610-89E5-700F82F0F319}.Debug|Any CPU.ActiveCfg = Debug|Any CPU
		{782BF583-2D57-4610-89E5-700F82F0F319}.Debug|Any CPU.Build.0 = Debug|Any CPU
		{782BF583-2D57-4610-89E5-700F82F0F319}.Debug|ARM.ActiveCfg = Debug|Any CPU
		{782BF583-2D57-4610-89E5-700F82F0F319}.Debug|ARM.Build.0 = Debug|Any CPU
		{782BF583-2D57-4610-89E5-700F82F0F319}.Debug|ARM64.ActiveCfg = Debug|Any CPU
		{782BF583-2D57-4610-89E5-700F82F0F319}.Debug|ARM64.Build.0 = Debug|Any CPU
		{782BF583-2D57-4610-89E5-700F82F0F319}.Debug|iPhone.ActiveCfg = Debug|Any CPU
		{782BF583-2D57-4610-89E5-700F82F0F319}.Debug|iPhone.Build.0 = Debug|Any CPU
		{782BF583-2D57-4610-89E5-700F82F0F319}.Debug|iPhoneSimulator.ActiveCfg = Debug|Any CPU
		{782BF583-2D57-4610-89E5-700F82F0F319}.Debug|iPhoneSimulator.Build.0 = Debug|Any CPU
		{782BF583-2D57-4610-89E5-700F82F0F319}.Debug|x64.ActiveCfg = Debug|Any CPU
		{782BF583-2D57-4610-89E5-700F82F0F319}.Debug|x64.Build.0 = Debug|Any CPU
		{782BF583-2D57-4610-89E5-700F82F0F319}.Debug|x86.ActiveCfg = Debug|Any CPU
		{782BF583-2D57-4610-89E5-700F82F0F319}.Debug|x86.Build.0 = Debug|Any CPU
		{782BF583-2D57-4610-89E5-700F82F0F319}.Release|Any CPU.ActiveCfg = Release|Any CPU
		{782BF583-2D57-4610-89E5-700F82F0F319}.Release|Any CPU.Build.0 = Release|Any CPU
		{782BF583-2D57-4610-89E5-700F82F0F319}.Release|ARM.ActiveCfg = Release|Any CPU
		{782BF583-2D57-4610-89E5-700F82F0F319}.Release|ARM.Build.0 = Release|Any CPU
		{782BF583-2D57-4610-89E5-700F82F0F319}.Release|ARM64.ActiveCfg = Release|Any CPU
		{782BF583-2D57-4610-89E5-700F82F0F319}.Release|ARM64.Build.0 = Release|Any CPU
		{782BF583-2D57-4610-89E5-700F82F0F319}.Release|iPhone.ActiveCfg = Release|Any CPU
		{782BF583-2D57-4610-89E5-700F82F0F319}.Release|iPhone.Build.0 = Release|Any CPU
		{782BF583-2D57-4610-89E5-700F82F0F319}.Release|iPhoneSimulator.ActiveCfg = Release|Any CPU
		{782BF583-2D57-4610-89E5-700F82F0F319}.Release|iPhoneSimulator.Build.0 = Release|Any CPU
		{782BF583-2D57-4610-89E5-700F82F0F319}.Release|x64.ActiveCfg = Release|Any CPU
		{782BF583-2D57-4610-89E5-700F82F0F319}.Release|x64.Build.0 = Release|Any CPU
		{782BF583-2D57-4610-89E5-700F82F0F319}.Release|x86.ActiveCfg = Release|Any CPU
		{782BF583-2D57-4610-89E5-700F82F0F319}.Release|x86.Build.0 = Release|Any CPU
		{82CDAFD0-2D28-4417-BCAC-0E275E122A2D}.Ad-Hoc|Any CPU.ActiveCfg = Release|Any CPU
		{82CDAFD0-2D28-4417-BCAC-0E275E122A2D}.Ad-Hoc|Any CPU.Build.0 = Release|Any CPU
		{82CDAFD0-2D28-4417-BCAC-0E275E122A2D}.Ad-Hoc|ARM.ActiveCfg = Release|Any CPU
		{82CDAFD0-2D28-4417-BCAC-0E275E122A2D}.Ad-Hoc|ARM.Build.0 = Release|Any CPU
		{82CDAFD0-2D28-4417-BCAC-0E275E122A2D}.Ad-Hoc|ARM64.ActiveCfg = Release|Any CPU
		{82CDAFD0-2D28-4417-BCAC-0E275E122A2D}.Ad-Hoc|ARM64.Build.0 = Release|Any CPU
		{82CDAFD0-2D28-4417-BCAC-0E275E122A2D}.Ad-Hoc|iPhone.ActiveCfg = Release|Any CPU
		{82CDAFD0-2D28-4417-BCAC-0E275E122A2D}.Ad-Hoc|iPhone.Build.0 = Release|Any CPU
		{82CDAFD0-2D28-4417-BCAC-0E275E122A2D}.Ad-Hoc|iPhoneSimulator.ActiveCfg = Release|Any CPU
		{82CDAFD0-2D28-4417-BCAC-0E275E122A2D}.Ad-Hoc|iPhoneSimulator.Build.0 = Release|Any CPU
		{82CDAFD0-2D28-4417-BCAC-0E275E122A2D}.Ad-Hoc|x64.ActiveCfg = Release|Any CPU
		{82CDAFD0-2D28-4417-BCAC-0E275E122A2D}.Ad-Hoc|x64.Build.0 = Release|Any CPU
		{82CDAFD0-2D28-4417-BCAC-0E275E122A2D}.Ad-Hoc|x86.ActiveCfg = Release|Any CPU
		{82CDAFD0-2D28-4417-BCAC-0E275E122A2D}.Ad-Hoc|x86.Build.0 = Release|Any CPU
		{82CDAFD0-2D28-4417-BCAC-0E275E122A2D}.AppStore|Any CPU.ActiveCfg = Release|Any CPU
		{82CDAFD0-2D28-4417-BCAC-0E275E122A2D}.AppStore|Any CPU.Build.0 = Release|Any CPU
		{82CDAFD0-2D28-4417-BCAC-0E275E122A2D}.AppStore|ARM.ActiveCfg = Release|Any CPU
		{82CDAFD0-2D28-4417-BCAC-0E275E122A2D}.AppStore|ARM.Build.0 = Release|Any CPU
		{82CDAFD0-2D28-4417-BCAC-0E275E122A2D}.AppStore|ARM64.ActiveCfg = Release|Any CPU
		{82CDAFD0-2D28-4417-BCAC-0E275E122A2D}.AppStore|ARM64.Build.0 = Release|Any CPU
		{82CDAFD0-2D28-4417-BCAC-0E275E122A2D}.AppStore|iPhone.ActiveCfg = Release|Any CPU
		{82CDAFD0-2D28-4417-BCAC-0E275E122A2D}.AppStore|iPhone.Build.0 = Release|Any CPU
		{82CDAFD0-2D28-4417-BCAC-0E275E122A2D}.AppStore|iPhoneSimulator.ActiveCfg = Release|Any CPU
		{82CDAFD0-2D28-4417-BCAC-0E275E122A2D}.AppStore|iPhoneSimulator.Build.0 = Release|Any CPU
		{82CDAFD0-2D28-4417-BCAC-0E275E122A2D}.AppStore|x64.ActiveCfg = Release|Any CPU
		{82CDAFD0-2D28-4417-BCAC-0E275E122A2D}.AppStore|x64.Build.0 = Release|Any CPU
		{82CDAFD0-2D28-4417-BCAC-0E275E122A2D}.AppStore|x86.ActiveCfg = Release|Any CPU
		{82CDAFD0-2D28-4417-BCAC-0E275E122A2D}.AppStore|x86.Build.0 = Release|Any CPU
		{82CDAFD0-2D28-4417-BCAC-0E275E122A2D}.Debug|Any CPU.ActiveCfg = Debug|Any CPU
		{82CDAFD0-2D28-4417-BCAC-0E275E122A2D}.Debug|Any CPU.Build.0 = Debug|Any CPU
		{82CDAFD0-2D28-4417-BCAC-0E275E122A2D}.Debug|ARM.ActiveCfg = Debug|Any CPU
		{82CDAFD0-2D28-4417-BCAC-0E275E122A2D}.Debug|ARM.Build.0 = Debug|Any CPU
		{82CDAFD0-2D28-4417-BCAC-0E275E122A2D}.Debug|ARM64.ActiveCfg = Debug|Any CPU
		{82CDAFD0-2D28-4417-BCAC-0E275E122A2D}.Debug|ARM64.Build.0 = Debug|Any CPU
		{82CDAFD0-2D28-4417-BCAC-0E275E122A2D}.Debug|iPhone.ActiveCfg = Debug|Any CPU
		{82CDAFD0-2D28-4417-BCAC-0E275E122A2D}.Debug|iPhone.Build.0 = Debug|Any CPU
		{82CDAFD0-2D28-4417-BCAC-0E275E122A2D}.Debug|iPhoneSimulator.ActiveCfg = Debug|Any CPU
		{82CDAFD0-2D28-4417-BCAC-0E275E122A2D}.Debug|iPhoneSimulator.Build.0 = Debug|Any CPU
		{82CDAFD0-2D28-4417-BCAC-0E275E122A2D}.Debug|x64.ActiveCfg = Debug|Any CPU
		{82CDAFD0-2D28-4417-BCAC-0E275E122A2D}.Debug|x64.Build.0 = Debug|Any CPU
		{82CDAFD0-2D28-4417-BCAC-0E275E122A2D}.Debug|x86.ActiveCfg = Debug|Any CPU
		{82CDAFD0-2D28-4417-BCAC-0E275E122A2D}.Debug|x86.Build.0 = Debug|Any CPU
		{82CDAFD0-2D28-4417-BCAC-0E275E122A2D}.Release|Any CPU.ActiveCfg = Release|Any CPU
		{82CDAFD0-2D28-4417-BCAC-0E275E122A2D}.Release|Any CPU.Build.0 = Release|Any CPU
		{82CDAFD0-2D28-4417-BCAC-0E275E122A2D}.Release|ARM.ActiveCfg = Release|Any CPU
		{82CDAFD0-2D28-4417-BCAC-0E275E122A2D}.Release|ARM.Build.0 = Release|Any CPU
		{82CDAFD0-2D28-4417-BCAC-0E275E122A2D}.Release|ARM64.ActiveCfg = Release|Any CPU
		{82CDAFD0-2D28-4417-BCAC-0E275E122A2D}.Release|ARM64.Build.0 = Release|Any CPU
		{82CDAFD0-2D28-4417-BCAC-0E275E122A2D}.Release|iPhone.ActiveCfg = Release|Any CPU
		{82CDAFD0-2D28-4417-BCAC-0E275E122A2D}.Release|iPhone.Build.0 = Release|Any CPU
		{82CDAFD0-2D28-4417-BCAC-0E275E122A2D}.Release|iPhoneSimulator.ActiveCfg = Release|Any CPU
		{82CDAFD0-2D28-4417-BCAC-0E275E122A2D}.Release|iPhoneSimulator.Build.0 = Release|Any CPU
		{82CDAFD0-2D28-4417-BCAC-0E275E122A2D}.Release|x64.ActiveCfg = Release|Any CPU
		{82CDAFD0-2D28-4417-BCAC-0E275E122A2D}.Release|x64.Build.0 = Release|Any CPU
		{82CDAFD0-2D28-4417-BCAC-0E275E122A2D}.Release|x86.ActiveCfg = Release|Any CPU
		{82CDAFD0-2D28-4417-BCAC-0E275E122A2D}.Release|x86.Build.0 = Release|Any CPU
		{555921C4-C7FB-4FA0-BF55-29994154337C}.Ad-Hoc|Any CPU.ActiveCfg = Release|Any CPU
		{555921C4-C7FB-4FA0-BF55-29994154337C}.Ad-Hoc|Any CPU.Build.0 = Release|Any CPU
		{555921C4-C7FB-4FA0-BF55-29994154337C}.Ad-Hoc|ARM.ActiveCfg = Release|Any CPU
		{555921C4-C7FB-4FA0-BF55-29994154337C}.Ad-Hoc|ARM.Build.0 = Release|Any CPU
		{555921C4-C7FB-4FA0-BF55-29994154337C}.Ad-Hoc|ARM64.ActiveCfg = Release|Any CPU
		{555921C4-C7FB-4FA0-BF55-29994154337C}.Ad-Hoc|ARM64.Build.0 = Release|Any CPU
		{555921C4-C7FB-4FA0-BF55-29994154337C}.Ad-Hoc|iPhone.ActiveCfg = Release|Any CPU
		{555921C4-C7FB-4FA0-BF55-29994154337C}.Ad-Hoc|iPhone.Build.0 = Release|Any CPU
		{555921C4-C7FB-4FA0-BF55-29994154337C}.Ad-Hoc|iPhoneSimulator.ActiveCfg = Release|Any CPU
		{555921C4-C7FB-4FA0-BF55-29994154337C}.Ad-Hoc|iPhoneSimulator.Build.0 = Release|Any CPU
		{555921C4-C7FB-4FA0-BF55-29994154337C}.Ad-Hoc|x64.ActiveCfg = Release|Any CPU
		{555921C4-C7FB-4FA0-BF55-29994154337C}.Ad-Hoc|x64.Build.0 = Release|Any CPU
		{555921C4-C7FB-4FA0-BF55-29994154337C}.Ad-Hoc|x86.ActiveCfg = Release|Any CPU
		{555921C4-C7FB-4FA0-BF55-29994154337C}.Ad-Hoc|x86.Build.0 = Release|Any CPU
		{555921C4-C7FB-4FA0-BF55-29994154337C}.AppStore|Any CPU.ActiveCfg = Release|Any CPU
		{555921C4-C7FB-4FA0-BF55-29994154337C}.AppStore|Any CPU.Build.0 = Release|Any CPU
		{555921C4-C7FB-4FA0-BF55-29994154337C}.AppStore|ARM.ActiveCfg = Release|Any CPU
		{555921C4-C7FB-4FA0-BF55-29994154337C}.AppStore|ARM.Build.0 = Release|Any CPU
		{555921C4-C7FB-4FA0-BF55-29994154337C}.AppStore|ARM64.ActiveCfg = Release|Any CPU
		{555921C4-C7FB-4FA0-BF55-29994154337C}.AppStore|ARM64.Build.0 = Release|Any CPU
		{555921C4-C7FB-4FA0-BF55-29994154337C}.AppStore|iPhone.ActiveCfg = Release|Any CPU
		{555921C4-C7FB-4FA0-BF55-29994154337C}.AppStore|iPhone.Build.0 = Release|Any CPU
		{555921C4-C7FB-4FA0-BF55-29994154337C}.AppStore|iPhoneSimulator.ActiveCfg = Release|Any CPU
		{555921C4-C7FB-4FA0-BF55-29994154337C}.AppStore|iPhoneSimulator.Build.0 = Release|Any CPU
		{555921C4-C7FB-4FA0-BF55-29994154337C}.AppStore|x64.ActiveCfg = Release|Any CPU
		{555921C4-C7FB-4FA0-BF55-29994154337C}.AppStore|x64.Build.0 = Release|Any CPU
		{555921C4-C7FB-4FA0-BF55-29994154337C}.AppStore|x86.ActiveCfg = Release|Any CPU
		{555921C4-C7FB-4FA0-BF55-29994154337C}.AppStore|x86.Build.0 = Release|Any CPU
		{555921C4-C7FB-4FA0-BF55-29994154337C}.Debug|Any CPU.ActiveCfg = Debug|Any CPU
		{555921C4-C7FB-4FA0-BF55-29994154337C}.Debug|Any CPU.Build.0 = Debug|Any CPU
		{555921C4-C7FB-4FA0-BF55-29994154337C}.Debug|ARM.ActiveCfg = Debug|Any CPU
		{555921C4-C7FB-4FA0-BF55-29994154337C}.Debug|ARM.Build.0 = Debug|Any CPU
		{555921C4-C7FB-4FA0-BF55-29994154337C}.Debug|ARM64.ActiveCfg = Debug|Any CPU
		{555921C4-C7FB-4FA0-BF55-29994154337C}.Debug|ARM64.Build.0 = Debug|Any CPU
		{555921C4-C7FB-4FA0-BF55-29994154337C}.Debug|iPhone.ActiveCfg = Debug|Any CPU
		{555921C4-C7FB-4FA0-BF55-29994154337C}.Debug|iPhone.Build.0 = Debug|Any CPU
		{555921C4-C7FB-4FA0-BF55-29994154337C}.Debug|iPhoneSimulator.ActiveCfg = Debug|Any CPU
		{555921C4-C7FB-4FA0-BF55-29994154337C}.Debug|iPhoneSimulator.Build.0 = Debug|Any CPU
		{555921C4-C7FB-4FA0-BF55-29994154337C}.Debug|x64.ActiveCfg = Debug|Any CPU
		{555921C4-C7FB-4FA0-BF55-29994154337C}.Debug|x64.Build.0 = Debug|Any CPU
		{555921C4-C7FB-4FA0-BF55-29994154337C}.Debug|x86.ActiveCfg = Debug|Any CPU
		{555921C4-C7FB-4FA0-BF55-29994154337C}.Debug|x86.Build.0 = Debug|Any CPU
		{555921C4-C7FB-4FA0-BF55-29994154337C}.Release|Any CPU.ActiveCfg = Release|Any CPU
		{555921C4-C7FB-4FA0-BF55-29994154337C}.Release|Any CPU.Build.0 = Release|Any CPU
		{555921C4-C7FB-4FA0-BF55-29994154337C}.Release|ARM.ActiveCfg = Release|Any CPU
		{555921C4-C7FB-4FA0-BF55-29994154337C}.Release|ARM.Build.0 = Release|Any CPU
		{555921C4-C7FB-4FA0-BF55-29994154337C}.Release|ARM64.ActiveCfg = Release|Any CPU
		{555921C4-C7FB-4FA0-BF55-29994154337C}.Release|ARM64.Build.0 = Release|Any CPU
		{555921C4-C7FB-4FA0-BF55-29994154337C}.Release|iPhone.ActiveCfg = Release|Any CPU
		{555921C4-C7FB-4FA0-BF55-29994154337C}.Release|iPhone.Build.0 = Release|Any CPU
		{555921C4-C7FB-4FA0-BF55-29994154337C}.Release|iPhoneSimulator.ActiveCfg = Release|Any CPU
		{555921C4-C7FB-4FA0-BF55-29994154337C}.Release|iPhoneSimulator.Build.0 = Release|Any CPU
		{555921C4-C7FB-4FA0-BF55-29994154337C}.Release|x64.ActiveCfg = Release|Any CPU
		{555921C4-C7FB-4FA0-BF55-29994154337C}.Release|x64.Build.0 = Release|Any CPU
		{555921C4-C7FB-4FA0-BF55-29994154337C}.Release|x86.ActiveCfg = Release|Any CPU
		{555921C4-C7FB-4FA0-BF55-29994154337C}.Release|x86.Build.0 = Release|Any CPU
		{53733F34-32CF-435C-BD14-C354FA8EB33A}.Ad-Hoc|Any CPU.ActiveCfg = Release|Any CPU
		{53733F34-32CF-435C-BD14-C354FA8EB33A}.Ad-Hoc|Any CPU.Build.0 = Release|Any CPU
		{53733F34-32CF-435C-BD14-C354FA8EB33A}.Ad-Hoc|ARM.ActiveCfg = Release|Any CPU
		{53733F34-32CF-435C-BD14-C354FA8EB33A}.Ad-Hoc|ARM.Build.0 = Release|Any CPU
		{53733F34-32CF-435C-BD14-C354FA8EB33A}.Ad-Hoc|ARM64.ActiveCfg = Release|Any CPU
		{53733F34-32CF-435C-BD14-C354FA8EB33A}.Ad-Hoc|ARM64.Build.0 = Release|Any CPU
		{53733F34-32CF-435C-BD14-C354FA8EB33A}.Ad-Hoc|iPhone.ActiveCfg = Release|Any CPU
		{53733F34-32CF-435C-BD14-C354FA8EB33A}.Ad-Hoc|iPhone.Build.0 = Release|Any CPU
		{53733F34-32CF-435C-BD14-C354FA8EB33A}.Ad-Hoc|iPhoneSimulator.ActiveCfg = Release|Any CPU
		{53733F34-32CF-435C-BD14-C354FA8EB33A}.Ad-Hoc|iPhoneSimulator.Build.0 = Release|Any CPU
		{53733F34-32CF-435C-BD14-C354FA8EB33A}.Ad-Hoc|x64.ActiveCfg = Release|Any CPU
		{53733F34-32CF-435C-BD14-C354FA8EB33A}.Ad-Hoc|x64.Build.0 = Release|Any CPU
		{53733F34-32CF-435C-BD14-C354FA8EB33A}.Ad-Hoc|x86.ActiveCfg = Release|Any CPU
		{53733F34-32CF-435C-BD14-C354FA8EB33A}.Ad-Hoc|x86.Build.0 = Release|Any CPU
		{53733F34-32CF-435C-BD14-C354FA8EB33A}.AppStore|Any CPU.ActiveCfg = Release|Any CPU
		{53733F34-32CF-435C-BD14-C354FA8EB33A}.AppStore|Any CPU.Build.0 = Release|Any CPU
		{53733F34-32CF-435C-BD14-C354FA8EB33A}.AppStore|ARM.ActiveCfg = Release|Any CPU
		{53733F34-32CF-435C-BD14-C354FA8EB33A}.AppStore|ARM.Build.0 = Release|Any CPU
		{53733F34-32CF-435C-BD14-C354FA8EB33A}.AppStore|ARM64.ActiveCfg = Release|Any CPU
		{53733F34-32CF-435C-BD14-C354FA8EB33A}.AppStore|ARM64.Build.0 = Release|Any CPU
		{53733F34-32CF-435C-BD14-C354FA8EB33A}.AppStore|iPhone.ActiveCfg = Release|Any CPU
		{53733F34-32CF-435C-BD14-C354FA8EB33A}.AppStore|iPhone.Build.0 = Release|Any CPU
		{53733F34-32CF-435C-BD14-C354FA8EB33A}.AppStore|iPhoneSimulator.ActiveCfg = Release|Any CPU
		{53733F34-32CF-435C-BD14-C354FA8EB33A}.AppStore|iPhoneSimulator.Build.0 = Release|Any CPU
		{53733F34-32CF-435C-BD14-C354FA8EB33A}.AppStore|x64.ActiveCfg = Release|Any CPU
		{53733F34-32CF-435C-BD14-C354FA8EB33A}.AppStore|x64.Build.0 = Release|Any CPU
		{53733F34-32CF-435C-BD14-C354FA8EB33A}.AppStore|x86.ActiveCfg = Release|Any CPU
		{53733F34-32CF-435C-BD14-C354FA8EB33A}.AppStore|x86.Build.0 = Release|Any CPU
		{53733F34-32CF-435C-BD14-C354FA8EB33A}.Debug|Any CPU.ActiveCfg = Debug|Any CPU
		{53733F34-32CF-435C-BD14-C354FA8EB33A}.Debug|Any CPU.Build.0 = Debug|Any CPU
		{53733F34-32CF-435C-BD14-C354FA8EB33A}.Debug|ARM.ActiveCfg = Debug|Any CPU
		{53733F34-32CF-435C-BD14-C354FA8EB33A}.Debug|ARM.Build.0 = Debug|Any CPU
		{53733F34-32CF-435C-BD14-C354FA8EB33A}.Debug|ARM64.ActiveCfg = Debug|Any CPU
		{53733F34-32CF-435C-BD14-C354FA8EB33A}.Debug|ARM64.Build.0 = Debug|Any CPU
		{53733F34-32CF-435C-BD14-C354FA8EB33A}.Debug|iPhone.ActiveCfg = Debug|Any CPU
		{53733F34-32CF-435C-BD14-C354FA8EB33A}.Debug|iPhone.Build.0 = Debug|Any CPU
		{53733F34-32CF-435C-BD14-C354FA8EB33A}.Debug|iPhoneSimulator.ActiveCfg = Debug|Any CPU
		{53733F34-32CF-435C-BD14-C354FA8EB33A}.Debug|iPhoneSimulator.Build.0 = Debug|Any CPU
		{53733F34-32CF-435C-BD14-C354FA8EB33A}.Debug|x64.ActiveCfg = Debug|Any CPU
		{53733F34-32CF-435C-BD14-C354FA8EB33A}.Debug|x64.Build.0 = Debug|Any CPU
		{53733F34-32CF-435C-BD14-C354FA8EB33A}.Debug|x86.ActiveCfg = Debug|Any CPU
		{53733F34-32CF-435C-BD14-C354FA8EB33A}.Debug|x86.Build.0 = Debug|Any CPU
		{53733F34-32CF-435C-BD14-C354FA8EB33A}.Release|Any CPU.ActiveCfg = Release|Any CPU
		{53733F34-32CF-435C-BD14-C354FA8EB33A}.Release|Any CPU.Build.0 = Release|Any CPU
		{53733F34-32CF-435C-BD14-C354FA8EB33A}.Release|ARM.ActiveCfg = Release|Any CPU
		{53733F34-32CF-435C-BD14-C354FA8EB33A}.Release|ARM.Build.0 = Release|Any CPU
		{53733F34-32CF-435C-BD14-C354FA8EB33A}.Release|ARM64.ActiveCfg = Release|Any CPU
		{53733F34-32CF-435C-BD14-C354FA8EB33A}.Release|ARM64.Build.0 = Release|Any CPU
		{53733F34-32CF-435C-BD14-C354FA8EB33A}.Release|iPhone.ActiveCfg = Release|Any CPU
		{53733F34-32CF-435C-BD14-C354FA8EB33A}.Release|iPhone.Build.0 = Release|Any CPU
		{53733F34-32CF-435C-BD14-C354FA8EB33A}.Release|iPhoneSimulator.ActiveCfg = Release|Any CPU
		{53733F34-32CF-435C-BD14-C354FA8EB33A}.Release|iPhoneSimulator.Build.0 = Release|Any CPU
		{53733F34-32CF-435C-BD14-C354FA8EB33A}.Release|x64.ActiveCfg = Release|Any CPU
		{53733F34-32CF-435C-BD14-C354FA8EB33A}.Release|x64.Build.0 = Release|Any CPU
		{53733F34-32CF-435C-BD14-C354FA8EB33A}.Release|x86.ActiveCfg = Release|Any CPU
		{53733F34-32CF-435C-BD14-C354FA8EB33A}.Release|x86.Build.0 = Release|Any CPU
		{B0FFE6A7-24A0-4311-BC6A-57B1C1E15161}.Ad-Hoc|Any CPU.ActiveCfg = Release|Any CPU
		{B0FFE6A7-24A0-4311-BC6A-57B1C1E15161}.Ad-Hoc|Any CPU.Build.0 = Release|Any CPU
		{B0FFE6A7-24A0-4311-BC6A-57B1C1E15161}.Ad-Hoc|ARM.ActiveCfg = Release|Any CPU
		{B0FFE6A7-24A0-4311-BC6A-57B1C1E15161}.Ad-Hoc|ARM.Build.0 = Release|Any CPU
		{B0FFE6A7-24A0-4311-BC6A-57B1C1E15161}.Ad-Hoc|ARM64.ActiveCfg = Release|Any CPU
		{B0FFE6A7-24A0-4311-BC6A-57B1C1E15161}.Ad-Hoc|ARM64.Build.0 = Release|Any CPU
		{B0FFE6A7-24A0-4311-BC6A-57B1C1E15161}.Ad-Hoc|iPhone.ActiveCfg = Release|Any CPU
		{B0FFE6A7-24A0-4311-BC6A-57B1C1E15161}.Ad-Hoc|iPhone.Build.0 = Release|Any CPU
		{B0FFE6A7-24A0-4311-BC6A-57B1C1E15161}.Ad-Hoc|iPhoneSimulator.ActiveCfg = Release|Any CPU
		{B0FFE6A7-24A0-4311-BC6A-57B1C1E15161}.Ad-Hoc|iPhoneSimulator.Build.0 = Release|Any CPU
		{B0FFE6A7-24A0-4311-BC6A-57B1C1E15161}.Ad-Hoc|x64.ActiveCfg = Release|Any CPU
		{B0FFE6A7-24A0-4311-BC6A-57B1C1E15161}.Ad-Hoc|x64.Build.0 = Release|Any CPU
		{B0FFE6A7-24A0-4311-BC6A-57B1C1E15161}.Ad-Hoc|x86.ActiveCfg = Release|Any CPU
		{B0FFE6A7-24A0-4311-BC6A-57B1C1E15161}.Ad-Hoc|x86.Build.0 = Release|Any CPU
		{B0FFE6A7-24A0-4311-BC6A-57B1C1E15161}.AppStore|Any CPU.ActiveCfg = Release|Any CPU
		{B0FFE6A7-24A0-4311-BC6A-57B1C1E15161}.AppStore|Any CPU.Build.0 = Release|Any CPU
		{B0FFE6A7-24A0-4311-BC6A-57B1C1E15161}.AppStore|ARM.ActiveCfg = Release|Any CPU
		{B0FFE6A7-24A0-4311-BC6A-57B1C1E15161}.AppStore|ARM.Build.0 = Release|Any CPU
		{B0FFE6A7-24A0-4311-BC6A-57B1C1E15161}.AppStore|ARM64.ActiveCfg = Release|Any CPU
		{B0FFE6A7-24A0-4311-BC6A-57B1C1E15161}.AppStore|ARM64.Build.0 = Release|Any CPU
		{B0FFE6A7-24A0-4311-BC6A-57B1C1E15161}.AppStore|iPhone.ActiveCfg = Release|Any CPU
		{B0FFE6A7-24A0-4311-BC6A-57B1C1E15161}.AppStore|iPhone.Build.0 = Release|Any CPU
		{B0FFE6A7-24A0-4311-BC6A-57B1C1E15161}.AppStore|iPhoneSimulator.ActiveCfg = Release|Any CPU
		{B0FFE6A7-24A0-4311-BC6A-57B1C1E15161}.AppStore|iPhoneSimulator.Build.0 = Release|Any CPU
		{B0FFE6A7-24A0-4311-BC6A-57B1C1E15161}.AppStore|x64.ActiveCfg = Release|Any CPU
		{B0FFE6A7-24A0-4311-BC6A-57B1C1E15161}.AppStore|x64.Build.0 = Release|Any CPU
		{B0FFE6A7-24A0-4311-BC6A-57B1C1E15161}.AppStore|x86.ActiveCfg = Release|Any CPU
		{B0FFE6A7-24A0-4311-BC6A-57B1C1E15161}.AppStore|x86.Build.0 = Release|Any CPU
		{B0FFE6A7-24A0-4311-BC6A-57B1C1E15161}.Debug|Any CPU.ActiveCfg = Debug|Any CPU
		{B0FFE6A7-24A0-4311-BC6A-57B1C1E15161}.Debug|Any CPU.Build.0 = Debug|Any CPU
		{B0FFE6A7-24A0-4311-BC6A-57B1C1E15161}.Debug|ARM.ActiveCfg = Debug|Any CPU
		{B0FFE6A7-24A0-4311-BC6A-57B1C1E15161}.Debug|ARM.Build.0 = Debug|Any CPU
		{B0FFE6A7-24A0-4311-BC6A-57B1C1E15161}.Debug|ARM64.ActiveCfg = Debug|Any CPU
		{B0FFE6A7-24A0-4311-BC6A-57B1C1E15161}.Debug|ARM64.Build.0 = Debug|Any CPU
		{B0FFE6A7-24A0-4311-BC6A-57B1C1E15161}.Debug|iPhone.ActiveCfg = Debug|Any CPU
		{B0FFE6A7-24A0-4311-BC6A-57B1C1E15161}.Debug|iPhone.Build.0 = Debug|Any CPU
		{B0FFE6A7-24A0-4311-BC6A-57B1C1E15161}.Debug|iPhoneSimulator.ActiveCfg = Debug|Any CPU
		{B0FFE6A7-24A0-4311-BC6A-57B1C1E15161}.Debug|iPhoneSimulator.Build.0 = Debug|Any CPU
		{B0FFE6A7-24A0-4311-BC6A-57B1C1E15161}.Debug|x64.ActiveCfg = Debug|Any CPU
		{B0FFE6A7-24A0-4311-BC6A-57B1C1E15161}.Debug|x64.Build.0 = Debug|Any CPU
		{B0FFE6A7-24A0-4311-BC6A-57B1C1E15161}.Debug|x86.ActiveCfg = Debug|Any CPU
		{B0FFE6A7-24A0-4311-BC6A-57B1C1E15161}.Debug|x86.Build.0 = Debug|Any CPU
		{B0FFE6A7-24A0-4311-BC6A-57B1C1E15161}.Release|Any CPU.ActiveCfg = Release|Any CPU
		{B0FFE6A7-24A0-4311-BC6A-57B1C1E15161}.Release|Any CPU.Build.0 = Release|Any CPU
		{B0FFE6A7-24A0-4311-BC6A-57B1C1E15161}.Release|ARM.ActiveCfg = Release|Any CPU
		{B0FFE6A7-24A0-4311-BC6A-57B1C1E15161}.Release|ARM.Build.0 = Release|Any CPU
		{B0FFE6A7-24A0-4311-BC6A-57B1C1E15161}.Release|ARM64.ActiveCfg = Release|Any CPU
		{B0FFE6A7-24A0-4311-BC6A-57B1C1E15161}.Release|ARM64.Build.0 = Release|Any CPU
		{B0FFE6A7-24A0-4311-BC6A-57B1C1E15161}.Release|iPhone.ActiveCfg = Release|Any CPU
		{B0FFE6A7-24A0-4311-BC6A-57B1C1E15161}.Release|iPhone.Build.0 = Release|Any CPU
		{B0FFE6A7-24A0-4311-BC6A-57B1C1E15161}.Release|iPhoneSimulator.ActiveCfg = Release|Any CPU
		{B0FFE6A7-24A0-4311-BC6A-57B1C1E15161}.Release|iPhoneSimulator.Build.0 = Release|Any CPU
		{B0FFE6A7-24A0-4311-BC6A-57B1C1E15161}.Release|x64.ActiveCfg = Release|Any CPU
		{B0FFE6A7-24A0-4311-BC6A-57B1C1E15161}.Release|x64.Build.0 = Release|Any CPU
		{B0FFE6A7-24A0-4311-BC6A-57B1C1E15161}.Release|x86.ActiveCfg = Release|Any CPU
		{B0FFE6A7-24A0-4311-BC6A-57B1C1E15161}.Release|x86.Build.0 = Release|Any CPU
		{6F27BE19-6934-40F6-AC9B-10EF1224DC98}.Ad-Hoc|Any CPU.ActiveCfg = Release|Any CPU
		{6F27BE19-6934-40F6-AC9B-10EF1224DC98}.Ad-Hoc|Any CPU.Build.0 = Release|Any CPU
		{6F27BE19-6934-40F6-AC9B-10EF1224DC98}.Ad-Hoc|Any CPU.Deploy.0 = Release|Any CPU
		{6F27BE19-6934-40F6-AC9B-10EF1224DC98}.Ad-Hoc|ARM.ActiveCfg = Release|Any CPU
		{6F27BE19-6934-40F6-AC9B-10EF1224DC98}.Ad-Hoc|ARM.Build.0 = Release|Any CPU
		{6F27BE19-6934-40F6-AC9B-10EF1224DC98}.Ad-Hoc|ARM.Deploy.0 = Release|Any CPU
		{6F27BE19-6934-40F6-AC9B-10EF1224DC98}.Ad-Hoc|ARM64.ActiveCfg = Release|Any CPU
		{6F27BE19-6934-40F6-AC9B-10EF1224DC98}.Ad-Hoc|ARM64.Build.0 = Release|Any CPU
		{6F27BE19-6934-40F6-AC9B-10EF1224DC98}.Ad-Hoc|ARM64.Deploy.0 = Release|Any CPU
		{6F27BE19-6934-40F6-AC9B-10EF1224DC98}.Ad-Hoc|iPhone.ActiveCfg = Release|Any CPU
		{6F27BE19-6934-40F6-AC9B-10EF1224DC98}.Ad-Hoc|iPhone.Build.0 = Release|Any CPU
		{6F27BE19-6934-40F6-AC9B-10EF1224DC98}.Ad-Hoc|iPhone.Deploy.0 = Release|Any CPU
		{6F27BE19-6934-40F6-AC9B-10EF1224DC98}.Ad-Hoc|iPhoneSimulator.ActiveCfg = Release|Any CPU
		{6F27BE19-6934-40F6-AC9B-10EF1224DC98}.Ad-Hoc|iPhoneSimulator.Build.0 = Release|Any CPU
		{6F27BE19-6934-40F6-AC9B-10EF1224DC98}.Ad-Hoc|iPhoneSimulator.Deploy.0 = Release|Any CPU
		{6F27BE19-6934-40F6-AC9B-10EF1224DC98}.Ad-Hoc|x64.ActiveCfg = Release|Any CPU
		{6F27BE19-6934-40F6-AC9B-10EF1224DC98}.Ad-Hoc|x64.Build.0 = Release|Any CPU
		{6F27BE19-6934-40F6-AC9B-10EF1224DC98}.Ad-Hoc|x64.Deploy.0 = Release|Any CPU
		{6F27BE19-6934-40F6-AC9B-10EF1224DC98}.Ad-Hoc|x86.ActiveCfg = Release|Any CPU
		{6F27BE19-6934-40F6-AC9B-10EF1224DC98}.Ad-Hoc|x86.Build.0 = Release|Any CPU
		{6F27BE19-6934-40F6-AC9B-10EF1224DC98}.Ad-Hoc|x86.Deploy.0 = Release|Any CPU
		{6F27BE19-6934-40F6-AC9B-10EF1224DC98}.AppStore|Any CPU.ActiveCfg = Release|Any CPU
		{6F27BE19-6934-40F6-AC9B-10EF1224DC98}.AppStore|Any CPU.Build.0 = Release|Any CPU
		{6F27BE19-6934-40F6-AC9B-10EF1224DC98}.AppStore|Any CPU.Deploy.0 = Release|Any CPU
		{6F27BE19-6934-40F6-AC9B-10EF1224DC98}.AppStore|ARM.ActiveCfg = Release|Any CPU
		{6F27BE19-6934-40F6-AC9B-10EF1224DC98}.AppStore|ARM.Build.0 = Release|Any CPU
		{6F27BE19-6934-40F6-AC9B-10EF1224DC98}.AppStore|ARM.Deploy.0 = Release|Any CPU
		{6F27BE19-6934-40F6-AC9B-10EF1224DC98}.AppStore|ARM64.ActiveCfg = Release|Any CPU
		{6F27BE19-6934-40F6-AC9B-10EF1224DC98}.AppStore|ARM64.Build.0 = Release|Any CPU
		{6F27BE19-6934-40F6-AC9B-10EF1224DC98}.AppStore|ARM64.Deploy.0 = Release|Any CPU
		{6F27BE19-6934-40F6-AC9B-10EF1224DC98}.AppStore|iPhone.ActiveCfg = Release|Any CPU
		{6F27BE19-6934-40F6-AC9B-10EF1224DC98}.AppStore|iPhone.Build.0 = Release|Any CPU
		{6F27BE19-6934-40F6-AC9B-10EF1224DC98}.AppStore|iPhone.Deploy.0 = Release|Any CPU
		{6F27BE19-6934-40F6-AC9B-10EF1224DC98}.AppStore|iPhoneSimulator.ActiveCfg = Release|Any CPU
		{6F27BE19-6934-40F6-AC9B-10EF1224DC98}.AppStore|iPhoneSimulator.Build.0 = Release|Any CPU
		{6F27BE19-6934-40F6-AC9B-10EF1224DC98}.AppStore|iPhoneSimulator.Deploy.0 = Release|Any CPU
		{6F27BE19-6934-40F6-AC9B-10EF1224DC98}.AppStore|x64.ActiveCfg = Release|Any CPU
		{6F27BE19-6934-40F6-AC9B-10EF1224DC98}.AppStore|x64.Build.0 = Release|Any CPU
		{6F27BE19-6934-40F6-AC9B-10EF1224DC98}.AppStore|x64.Deploy.0 = Release|Any CPU
		{6F27BE19-6934-40F6-AC9B-10EF1224DC98}.AppStore|x86.ActiveCfg = Release|Any CPU
		{6F27BE19-6934-40F6-AC9B-10EF1224DC98}.AppStore|x86.Build.0 = Release|Any CPU
		{6F27BE19-6934-40F6-AC9B-10EF1224DC98}.AppStore|x86.Deploy.0 = Release|Any CPU
		{6F27BE19-6934-40F6-AC9B-10EF1224DC98}.Debug|Any CPU.ActiveCfg = Debug|Any CPU
		{6F27BE19-6934-40F6-AC9B-10EF1224DC98}.Debug|Any CPU.Build.0 = Debug|Any CPU
		{6F27BE19-6934-40F6-AC9B-10EF1224DC98}.Debug|Any CPU.Deploy.0 = Debug|Any CPU
		{6F27BE19-6934-40F6-AC9B-10EF1224DC98}.Debug|ARM.ActiveCfg = Debug|Any CPU
		{6F27BE19-6934-40F6-AC9B-10EF1224DC98}.Debug|ARM.Build.0 = Debug|Any CPU
		{6F27BE19-6934-40F6-AC9B-10EF1224DC98}.Debug|ARM.Deploy.0 = Debug|Any CPU
		{6F27BE19-6934-40F6-AC9B-10EF1224DC98}.Debug|ARM64.ActiveCfg = Debug|Any CPU
		{6F27BE19-6934-40F6-AC9B-10EF1224DC98}.Debug|ARM64.Build.0 = Debug|Any CPU
		{6F27BE19-6934-40F6-AC9B-10EF1224DC98}.Debug|ARM64.Deploy.0 = Debug|Any CPU
		{6F27BE19-6934-40F6-AC9B-10EF1224DC98}.Debug|iPhone.ActiveCfg = Debug|Any CPU
		{6F27BE19-6934-40F6-AC9B-10EF1224DC98}.Debug|iPhone.Build.0 = Debug|Any CPU
		{6F27BE19-6934-40F6-AC9B-10EF1224DC98}.Debug|iPhone.Deploy.0 = Debug|Any CPU
		{6F27BE19-6934-40F6-AC9B-10EF1224DC98}.Debug|iPhoneSimulator.ActiveCfg = Debug|Any CPU
		{6F27BE19-6934-40F6-AC9B-10EF1224DC98}.Debug|iPhoneSimulator.Build.0 = Debug|Any CPU
		{6F27BE19-6934-40F6-AC9B-10EF1224DC98}.Debug|iPhoneSimulator.Deploy.0 = Debug|Any CPU
		{6F27BE19-6934-40F6-AC9B-10EF1224DC98}.Debug|x64.ActiveCfg = Debug|Any CPU
		{6F27BE19-6934-40F6-AC9B-10EF1224DC98}.Debug|x64.Build.0 = Debug|Any CPU
		{6F27BE19-6934-40F6-AC9B-10EF1224DC98}.Debug|x64.Deploy.0 = Debug|Any CPU
		{6F27BE19-6934-40F6-AC9B-10EF1224DC98}.Debug|x86.ActiveCfg = Debug|Any CPU
		{6F27BE19-6934-40F6-AC9B-10EF1224DC98}.Debug|x86.Build.0 = Debug|Any CPU
		{6F27BE19-6934-40F6-AC9B-10EF1224DC98}.Debug|x86.Deploy.0 = Debug|Any CPU
		{6F27BE19-6934-40F6-AC9B-10EF1224DC98}.Release|Any CPU.ActiveCfg = Release|Any CPU
		{6F27BE19-6934-40F6-AC9B-10EF1224DC98}.Release|Any CPU.Build.0 = Release|Any CPU
		{6F27BE19-6934-40F6-AC9B-10EF1224DC98}.Release|Any CPU.Deploy.0 = Release|Any CPU
		{6F27BE19-6934-40F6-AC9B-10EF1224DC98}.Release|ARM.ActiveCfg = Release|Any CPU
		{6F27BE19-6934-40F6-AC9B-10EF1224DC98}.Release|ARM.Build.0 = Release|Any CPU
		{6F27BE19-6934-40F6-AC9B-10EF1224DC98}.Release|ARM.Deploy.0 = Release|Any CPU
		{6F27BE19-6934-40F6-AC9B-10EF1224DC98}.Release|ARM64.ActiveCfg = Release|Any CPU
		{6F27BE19-6934-40F6-AC9B-10EF1224DC98}.Release|ARM64.Build.0 = Release|Any CPU
		{6F27BE19-6934-40F6-AC9B-10EF1224DC98}.Release|ARM64.Deploy.0 = Release|Any CPU
		{6F27BE19-6934-40F6-AC9B-10EF1224DC98}.Release|iPhone.ActiveCfg = Release|Any CPU
		{6F27BE19-6934-40F6-AC9B-10EF1224DC98}.Release|iPhone.Build.0 = Release|Any CPU
		{6F27BE19-6934-40F6-AC9B-10EF1224DC98}.Release|iPhone.Deploy.0 = Release|Any CPU
		{6F27BE19-6934-40F6-AC9B-10EF1224DC98}.Release|iPhoneSimulator.ActiveCfg = Release|Any CPU
		{6F27BE19-6934-40F6-AC9B-10EF1224DC98}.Release|iPhoneSimulator.Build.0 = Release|Any CPU
		{6F27BE19-6934-40F6-AC9B-10EF1224DC98}.Release|iPhoneSimulator.Deploy.0 = Release|Any CPU
		{6F27BE19-6934-40F6-AC9B-10EF1224DC98}.Release|x64.ActiveCfg = Release|Any CPU
		{6F27BE19-6934-40F6-AC9B-10EF1224DC98}.Release|x64.Build.0 = Release|Any CPU
		{6F27BE19-6934-40F6-AC9B-10EF1224DC98}.Release|x64.Deploy.0 = Release|Any CPU
		{6F27BE19-6934-40F6-AC9B-10EF1224DC98}.Release|x86.ActiveCfg = Release|Any CPU
		{6F27BE19-6934-40F6-AC9B-10EF1224DC98}.Release|x86.Build.0 = Release|Any CPU
		{6F27BE19-6934-40F6-AC9B-10EF1224DC98}.Release|x86.Deploy.0 = Release|Any CPU
		{DF03E823-A917-4C66-A237-2658C99329EF}.Ad-Hoc|Any CPU.ActiveCfg = Ad-Hoc|iPhone
		{DF03E823-A917-4C66-A237-2658C99329EF}.Ad-Hoc|ARM.ActiveCfg = Ad-Hoc|iPhone
		{DF03E823-A917-4C66-A237-2658C99329EF}.Ad-Hoc|ARM64.ActiveCfg = Ad-Hoc|iPhone
		{DF03E823-A917-4C66-A237-2658C99329EF}.Ad-Hoc|iPhone.ActiveCfg = Ad-Hoc|iPhone
		{DF03E823-A917-4C66-A237-2658C99329EF}.Ad-Hoc|iPhone.Build.0 = Ad-Hoc|iPhone
		{DF03E823-A917-4C66-A237-2658C99329EF}.Ad-Hoc|iPhoneSimulator.ActiveCfg = Ad-Hoc|iPhoneSimulator
		{DF03E823-A917-4C66-A237-2658C99329EF}.Ad-Hoc|iPhoneSimulator.Build.0 = Ad-Hoc|iPhoneSimulator
		{DF03E823-A917-4C66-A237-2658C99329EF}.Ad-Hoc|x64.ActiveCfg = Ad-Hoc|iPhone
		{DF03E823-A917-4C66-A237-2658C99329EF}.Ad-Hoc|x86.ActiveCfg = Ad-Hoc|iPhone
		{DF03E823-A917-4C66-A237-2658C99329EF}.AppStore|Any CPU.ActiveCfg = AppStore|iPhone
		{DF03E823-A917-4C66-A237-2658C99329EF}.AppStore|ARM.ActiveCfg = AppStore|iPhone
		{DF03E823-A917-4C66-A237-2658C99329EF}.AppStore|ARM64.ActiveCfg = AppStore|iPhone
		{DF03E823-A917-4C66-A237-2658C99329EF}.AppStore|iPhone.ActiveCfg = AppStore|iPhone
		{DF03E823-A917-4C66-A237-2658C99329EF}.AppStore|iPhone.Build.0 = AppStore|iPhone
		{DF03E823-A917-4C66-A237-2658C99329EF}.AppStore|iPhoneSimulator.ActiveCfg = AppStore|iPhoneSimulator
		{DF03E823-A917-4C66-A237-2658C99329EF}.AppStore|iPhoneSimulator.Build.0 = AppStore|iPhoneSimulator
		{DF03E823-A917-4C66-A237-2658C99329EF}.AppStore|x64.ActiveCfg = AppStore|iPhone
		{DF03E823-A917-4C66-A237-2658C99329EF}.AppStore|x86.ActiveCfg = AppStore|iPhone
		{DF03E823-A917-4C66-A237-2658C99329EF}.Debug|Any CPU.ActiveCfg = Debug|iPhone
		{DF03E823-A917-4C66-A237-2658C99329EF}.Debug|ARM.ActiveCfg = Debug|iPhone
		{DF03E823-A917-4C66-A237-2658C99329EF}.Debug|ARM64.ActiveCfg = Debug|iPhone
		{DF03E823-A917-4C66-A237-2658C99329EF}.Debug|iPhone.ActiveCfg = Debug|iPhone
		{DF03E823-A917-4C66-A237-2658C99329EF}.Debug|iPhone.Build.0 = Debug|iPhone
		{DF03E823-A917-4C66-A237-2658C99329EF}.Debug|iPhoneSimulator.ActiveCfg = Debug|iPhoneSimulator
		{DF03E823-A917-4C66-A237-2658C99329EF}.Debug|iPhoneSimulator.Build.0 = Debug|iPhoneSimulator
		{DF03E823-A917-4C66-A237-2658C99329EF}.Debug|x64.ActiveCfg = Debug|iPhone
		{DF03E823-A917-4C66-A237-2658C99329EF}.Debug|x86.ActiveCfg = Debug|iPhone
		{DF03E823-A917-4C66-A237-2658C99329EF}.Release|Any CPU.ActiveCfg = Release|iPhone
		{DF03E823-A917-4C66-A237-2658C99329EF}.Release|ARM.ActiveCfg = Release|iPhone
		{DF03E823-A917-4C66-A237-2658C99329EF}.Release|ARM64.ActiveCfg = Release|iPhone
		{DF03E823-A917-4C66-A237-2658C99329EF}.Release|iPhone.ActiveCfg = Release|iPhone
		{DF03E823-A917-4C66-A237-2658C99329EF}.Release|iPhone.Build.0 = Release|iPhone
		{DF03E823-A917-4C66-A237-2658C99329EF}.Release|iPhoneSimulator.ActiveCfg = Release|iPhoneSimulator
		{DF03E823-A917-4C66-A237-2658C99329EF}.Release|iPhoneSimulator.Build.0 = Release|iPhoneSimulator
		{DF03E823-A917-4C66-A237-2658C99329EF}.Release|x64.ActiveCfg = Release|iPhone
		{DF03E823-A917-4C66-A237-2658C99329EF}.Release|x86.ActiveCfg = Release|iPhone
		{7FE7EEE5-2FE7-4A24-93B5-DFFFE2161FDD}.Ad-Hoc|Any CPU.ActiveCfg = Release|x86
		{7FE7EEE5-2FE7-4A24-93B5-DFFFE2161FDD}.Ad-Hoc|Any CPU.Build.0 = Release|x86
		{7FE7EEE5-2FE7-4A24-93B5-DFFFE2161FDD}.Ad-Hoc|Any CPU.Deploy.0 = Release|x86
		{7FE7EEE5-2FE7-4A24-93B5-DFFFE2161FDD}.Ad-Hoc|ARM.ActiveCfg = Release|ARM
		{7FE7EEE5-2FE7-4A24-93B5-DFFFE2161FDD}.Ad-Hoc|ARM.Build.0 = Release|ARM
		{7FE7EEE5-2FE7-4A24-93B5-DFFFE2161FDD}.Ad-Hoc|ARM.Deploy.0 = Release|ARM
		{7FE7EEE5-2FE7-4A24-93B5-DFFFE2161FDD}.Ad-Hoc|ARM64.ActiveCfg = Release|x86
		{7FE7EEE5-2FE7-4A24-93B5-DFFFE2161FDD}.Ad-Hoc|ARM64.Build.0 = Release|x86
		{7FE7EEE5-2FE7-4A24-93B5-DFFFE2161FDD}.Ad-Hoc|ARM64.Deploy.0 = Release|x86
		{7FE7EEE5-2FE7-4A24-93B5-DFFFE2161FDD}.Ad-Hoc|iPhone.ActiveCfg = Release|x86
		{7FE7EEE5-2FE7-4A24-93B5-DFFFE2161FDD}.Ad-Hoc|iPhone.Build.0 = Release|x86
		{7FE7EEE5-2FE7-4A24-93B5-DFFFE2161FDD}.Ad-Hoc|iPhone.Deploy.0 = Release|x86
		{7FE7EEE5-2FE7-4A24-93B5-DFFFE2161FDD}.Ad-Hoc|iPhoneSimulator.ActiveCfg = Release|x86
		{7FE7EEE5-2FE7-4A24-93B5-DFFFE2161FDD}.Ad-Hoc|iPhoneSimulator.Build.0 = Release|x86
		{7FE7EEE5-2FE7-4A24-93B5-DFFFE2161FDD}.Ad-Hoc|iPhoneSimulator.Deploy.0 = Release|x86
		{7FE7EEE5-2FE7-4A24-93B5-DFFFE2161FDD}.Ad-Hoc|x64.ActiveCfg = Release|x64
		{7FE7EEE5-2FE7-4A24-93B5-DFFFE2161FDD}.Ad-Hoc|x64.Build.0 = Release|x64
		{7FE7EEE5-2FE7-4A24-93B5-DFFFE2161FDD}.Ad-Hoc|x64.Deploy.0 = Release|x64
		{7FE7EEE5-2FE7-4A24-93B5-DFFFE2161FDD}.Ad-Hoc|x86.ActiveCfg = Release|x86
		{7FE7EEE5-2FE7-4A24-93B5-DFFFE2161FDD}.Ad-Hoc|x86.Build.0 = Release|x86
		{7FE7EEE5-2FE7-4A24-93B5-DFFFE2161FDD}.Ad-Hoc|x86.Deploy.0 = Release|x86
		{7FE7EEE5-2FE7-4A24-93B5-DFFFE2161FDD}.AppStore|Any CPU.ActiveCfg = Release|x86
		{7FE7EEE5-2FE7-4A24-93B5-DFFFE2161FDD}.AppStore|Any CPU.Build.0 = Release|x86
		{7FE7EEE5-2FE7-4A24-93B5-DFFFE2161FDD}.AppStore|Any CPU.Deploy.0 = Release|x86
		{7FE7EEE5-2FE7-4A24-93B5-DFFFE2161FDD}.AppStore|ARM.ActiveCfg = Release|ARM
		{7FE7EEE5-2FE7-4A24-93B5-DFFFE2161FDD}.AppStore|ARM.Build.0 = Release|ARM
		{7FE7EEE5-2FE7-4A24-93B5-DFFFE2161FDD}.AppStore|ARM.Deploy.0 = Release|ARM
		{7FE7EEE5-2FE7-4A24-93B5-DFFFE2161FDD}.AppStore|ARM64.ActiveCfg = Release|x86
		{7FE7EEE5-2FE7-4A24-93B5-DFFFE2161FDD}.AppStore|ARM64.Build.0 = Release|x86
		{7FE7EEE5-2FE7-4A24-93B5-DFFFE2161FDD}.AppStore|ARM64.Deploy.0 = Release|x86
		{7FE7EEE5-2FE7-4A24-93B5-DFFFE2161FDD}.AppStore|iPhone.ActiveCfg = Release|x86
		{7FE7EEE5-2FE7-4A24-93B5-DFFFE2161FDD}.AppStore|iPhone.Build.0 = Release|x86
		{7FE7EEE5-2FE7-4A24-93B5-DFFFE2161FDD}.AppStore|iPhone.Deploy.0 = Release|x86
		{7FE7EEE5-2FE7-4A24-93B5-DFFFE2161FDD}.AppStore|iPhoneSimulator.ActiveCfg = Release|x86
		{7FE7EEE5-2FE7-4A24-93B5-DFFFE2161FDD}.AppStore|iPhoneSimulator.Build.0 = Release|x86
		{7FE7EEE5-2FE7-4A24-93B5-DFFFE2161FDD}.AppStore|iPhoneSimulator.Deploy.0 = Release|x86
		{7FE7EEE5-2FE7-4A24-93B5-DFFFE2161FDD}.AppStore|x64.ActiveCfg = Release|x64
		{7FE7EEE5-2FE7-4A24-93B5-DFFFE2161FDD}.AppStore|x64.Build.0 = Release|x64
		{7FE7EEE5-2FE7-4A24-93B5-DFFFE2161FDD}.AppStore|x64.Deploy.0 = Release|x64
		{7FE7EEE5-2FE7-4A24-93B5-DFFFE2161FDD}.AppStore|x86.ActiveCfg = Release|x86
		{7FE7EEE5-2FE7-4A24-93B5-DFFFE2161FDD}.AppStore|x86.Build.0 = Release|x86
		{7FE7EEE5-2FE7-4A24-93B5-DFFFE2161FDD}.AppStore|x86.Deploy.0 = Release|x86
		{7FE7EEE5-2FE7-4A24-93B5-DFFFE2161FDD}.Debug|Any CPU.ActiveCfg = Debug|x86
		{7FE7EEE5-2FE7-4A24-93B5-DFFFE2161FDD}.Debug|ARM.ActiveCfg = Debug|ARM
		{7FE7EEE5-2FE7-4A24-93B5-DFFFE2161FDD}.Debug|ARM.Build.0 = Debug|ARM
		{7FE7EEE5-2FE7-4A24-93B5-DFFFE2161FDD}.Debug|ARM.Deploy.0 = Debug|ARM
		{7FE7EEE5-2FE7-4A24-93B5-DFFFE2161FDD}.Debug|ARM64.ActiveCfg = Debug|x86
		{7FE7EEE5-2FE7-4A24-93B5-DFFFE2161FDD}.Debug|iPhone.ActiveCfg = Debug|x86
		{7FE7EEE5-2FE7-4A24-93B5-DFFFE2161FDD}.Debug|iPhoneSimulator.ActiveCfg = Debug|x86
		{7FE7EEE5-2FE7-4A24-93B5-DFFFE2161FDD}.Debug|x64.ActiveCfg = Debug|x64
		{7FE7EEE5-2FE7-4A24-93B5-DFFFE2161FDD}.Debug|x64.Build.0 = Debug|x64
		{7FE7EEE5-2FE7-4A24-93B5-DFFFE2161FDD}.Debug|x64.Deploy.0 = Debug|x64
		{7FE7EEE5-2FE7-4A24-93B5-DFFFE2161FDD}.Debug|x86.ActiveCfg = Debug|x86
		{7FE7EEE5-2FE7-4A24-93B5-DFFFE2161FDD}.Debug|x86.Build.0 = Debug|x86
		{7FE7EEE5-2FE7-4A24-93B5-DFFFE2161FDD}.Debug|x86.Deploy.0 = Debug|x86
		{7FE7EEE5-2FE7-4A24-93B5-DFFFE2161FDD}.Release|Any CPU.ActiveCfg = Release|x86
		{7FE7EEE5-2FE7-4A24-93B5-DFFFE2161FDD}.Release|ARM.ActiveCfg = Release|ARM
		{7FE7EEE5-2FE7-4A24-93B5-DFFFE2161FDD}.Release|ARM.Build.0 = Release|ARM
		{7FE7EEE5-2FE7-4A24-93B5-DFFFE2161FDD}.Release|ARM.Deploy.0 = Release|ARM
		{7FE7EEE5-2FE7-4A24-93B5-DFFFE2161FDD}.Release|ARM64.ActiveCfg = Release|x86
		{7FE7EEE5-2FE7-4A24-93B5-DFFFE2161FDD}.Release|iPhone.ActiveCfg = Release|x86
		{7FE7EEE5-2FE7-4A24-93B5-DFFFE2161FDD}.Release|iPhoneSimulator.ActiveCfg = Release|x86
		{7FE7EEE5-2FE7-4A24-93B5-DFFFE2161FDD}.Release|x64.ActiveCfg = Release|x64
		{7FE7EEE5-2FE7-4A24-93B5-DFFFE2161FDD}.Release|x64.Build.0 = Release|x64
		{7FE7EEE5-2FE7-4A24-93B5-DFFFE2161FDD}.Release|x64.Deploy.0 = Release|x64
		{7FE7EEE5-2FE7-4A24-93B5-DFFFE2161FDD}.Release|x86.ActiveCfg = Release|x86
		{7FE7EEE5-2FE7-4A24-93B5-DFFFE2161FDD}.Release|x86.Build.0 = Release|x86
		{7FE7EEE5-2FE7-4A24-93B5-DFFFE2161FDD}.Release|x86.Deploy.0 = Release|x86
		{16EAC910-10B0-4B1B-90B3-C6D57F1FF475}.Ad-Hoc|Any CPU.ActiveCfg = Debug|Any CPU
		{16EAC910-10B0-4B1B-90B3-C6D57F1FF475}.Ad-Hoc|Any CPU.Build.0 = Debug|Any CPU
		{16EAC910-10B0-4B1B-90B3-C6D57F1FF475}.Ad-Hoc|ARM.ActiveCfg = Debug|Any CPU
		{16EAC910-10B0-4B1B-90B3-C6D57F1FF475}.Ad-Hoc|ARM.Build.0 = Debug|Any CPU
		{16EAC910-10B0-4B1B-90B3-C6D57F1FF475}.Ad-Hoc|ARM64.ActiveCfg = Debug|Any CPU
		{16EAC910-10B0-4B1B-90B3-C6D57F1FF475}.Ad-Hoc|ARM64.Build.0 = Debug|Any CPU
		{16EAC910-10B0-4B1B-90B3-C6D57F1FF475}.Ad-Hoc|iPhone.ActiveCfg = Debug|Any CPU
		{16EAC910-10B0-4B1B-90B3-C6D57F1FF475}.Ad-Hoc|iPhone.Build.0 = Debug|Any CPU
		{16EAC910-10B0-4B1B-90B3-C6D57F1FF475}.Ad-Hoc|iPhoneSimulator.ActiveCfg = Debug|Any CPU
		{16EAC910-10B0-4B1B-90B3-C6D57F1FF475}.Ad-Hoc|iPhoneSimulator.Build.0 = Debug|Any CPU
		{16EAC910-10B0-4B1B-90B3-C6D57F1FF475}.Ad-Hoc|x64.ActiveCfg = Debug|Any CPU
		{16EAC910-10B0-4B1B-90B3-C6D57F1FF475}.Ad-Hoc|x64.Build.0 = Debug|Any CPU
		{16EAC910-10B0-4B1B-90B3-C6D57F1FF475}.Ad-Hoc|x86.ActiveCfg = Debug|Any CPU
		{16EAC910-10B0-4B1B-90B3-C6D57F1FF475}.Ad-Hoc|x86.Build.0 = Debug|Any CPU
		{16EAC910-10B0-4B1B-90B3-C6D57F1FF475}.AppStore|Any CPU.ActiveCfg = Debug|Any CPU
		{16EAC910-10B0-4B1B-90B3-C6D57F1FF475}.AppStore|Any CPU.Build.0 = Debug|Any CPU
		{16EAC910-10B0-4B1B-90B3-C6D57F1FF475}.AppStore|ARM.ActiveCfg = Debug|Any CPU
		{16EAC910-10B0-4B1B-90B3-C6D57F1FF475}.AppStore|ARM.Build.0 = Debug|Any CPU
		{16EAC910-10B0-4B1B-90B3-C6D57F1FF475}.AppStore|ARM64.ActiveCfg = Debug|Any CPU
		{16EAC910-10B0-4B1B-90B3-C6D57F1FF475}.AppStore|ARM64.Build.0 = Debug|Any CPU
		{16EAC910-10B0-4B1B-90B3-C6D57F1FF475}.AppStore|iPhone.ActiveCfg = Debug|Any CPU
		{16EAC910-10B0-4B1B-90B3-C6D57F1FF475}.AppStore|iPhone.Build.0 = Debug|Any CPU
		{16EAC910-10B0-4B1B-90B3-C6D57F1FF475}.AppStore|iPhoneSimulator.ActiveCfg = Debug|Any CPU
		{16EAC910-10B0-4B1B-90B3-C6D57F1FF475}.AppStore|iPhoneSimulator.Build.0 = Debug|Any CPU
		{16EAC910-10B0-4B1B-90B3-C6D57F1FF475}.AppStore|x64.ActiveCfg = Debug|Any CPU
		{16EAC910-10B0-4B1B-90B3-C6D57F1FF475}.AppStore|x64.Build.0 = Debug|Any CPU
		{16EAC910-10B0-4B1B-90B3-C6D57F1FF475}.AppStore|x86.ActiveCfg = Debug|Any CPU
		{16EAC910-10B0-4B1B-90B3-C6D57F1FF475}.AppStore|x86.Build.0 = Debug|Any CPU
		{16EAC910-10B0-4B1B-90B3-C6D57F1FF475}.Debug|Any CPU.ActiveCfg = Debug|Any CPU
		{16EAC910-10B0-4B1B-90B3-C6D57F1FF475}.Debug|Any CPU.Build.0 = Debug|Any CPU
		{16EAC910-10B0-4B1B-90B3-C6D57F1FF475}.Debug|ARM.ActiveCfg = Debug|Any CPU
		{16EAC910-10B0-4B1B-90B3-C6D57F1FF475}.Debug|ARM.Build.0 = Debug|Any CPU
		{16EAC910-10B0-4B1B-90B3-C6D57F1FF475}.Debug|ARM64.ActiveCfg = Debug|Any CPU
		{16EAC910-10B0-4B1B-90B3-C6D57F1FF475}.Debug|ARM64.Build.0 = Debug|Any CPU
		{16EAC910-10B0-4B1B-90B3-C6D57F1FF475}.Debug|iPhone.ActiveCfg = Debug|Any CPU
		{16EAC910-10B0-4B1B-90B3-C6D57F1FF475}.Debug|iPhone.Build.0 = Debug|Any CPU
		{16EAC910-10B0-4B1B-90B3-C6D57F1FF475}.Debug|iPhoneSimulator.ActiveCfg = Debug|Any CPU
		{16EAC910-10B0-4B1B-90B3-C6D57F1FF475}.Debug|iPhoneSimulator.Build.0 = Debug|Any CPU
		{16EAC910-10B0-4B1B-90B3-C6D57F1FF475}.Debug|x64.ActiveCfg = Debug|Any CPU
		{16EAC910-10B0-4B1B-90B3-C6D57F1FF475}.Debug|x64.Build.0 = Debug|Any CPU
		{16EAC910-10B0-4B1B-90B3-C6D57F1FF475}.Debug|x86.ActiveCfg = Debug|Any CPU
		{16EAC910-10B0-4B1B-90B3-C6D57F1FF475}.Debug|x86.Build.0 = Debug|Any CPU
		{16EAC910-10B0-4B1B-90B3-C6D57F1FF475}.Release|Any CPU.ActiveCfg = Release|Any CPU
		{16EAC910-10B0-4B1B-90B3-C6D57F1FF475}.Release|Any CPU.Build.0 = Release|Any CPU
		{16EAC910-10B0-4B1B-90B3-C6D57F1FF475}.Release|ARM.ActiveCfg = Release|Any CPU
		{16EAC910-10B0-4B1B-90B3-C6D57F1FF475}.Release|ARM.Build.0 = Release|Any CPU
		{16EAC910-10B0-4B1B-90B3-C6D57F1FF475}.Release|ARM64.ActiveCfg = Release|Any CPU
		{16EAC910-10B0-4B1B-90B3-C6D57F1FF475}.Release|ARM64.Build.0 = Release|Any CPU
		{16EAC910-10B0-4B1B-90B3-C6D57F1FF475}.Release|iPhone.ActiveCfg = Release|Any CPU
		{16EAC910-10B0-4B1B-90B3-C6D57F1FF475}.Release|iPhone.Build.0 = Release|Any CPU
		{16EAC910-10B0-4B1B-90B3-C6D57F1FF475}.Release|iPhoneSimulator.ActiveCfg = Release|Any CPU
		{16EAC910-10B0-4B1B-90B3-C6D57F1FF475}.Release|iPhoneSimulator.Build.0 = Release|Any CPU
		{16EAC910-10B0-4B1B-90B3-C6D57F1FF475}.Release|x64.ActiveCfg = Release|Any CPU
		{16EAC910-10B0-4B1B-90B3-C6D57F1FF475}.Release|x64.Build.0 = Release|Any CPU
		{16EAC910-10B0-4B1B-90B3-C6D57F1FF475}.Release|x86.ActiveCfg = Release|Any CPU
		{16EAC910-10B0-4B1B-90B3-C6D57F1FF475}.Release|x86.Build.0 = Release|Any CPU
	EndGlobalSection
	GlobalSection(SolutionProperties) = preSolution
		HideSolutionNode = FALSE
	EndGlobalSection
	GlobalSection(ExtensibilityGlobals) = postSolution
		SolutionGuid = {C7542045-2C2D-4BDE-9BF0-5CBF4C9CC112}
	EndGlobalSection
EndGlobal
