
Microsoft Visual Studio Solution File, Format Version 12.00
# Visual Studio 15
VisualStudioVersion = 15.0.28307.168
MinimumVisualStudioVersion = 10.0.40219.1
Project("{9A19103F-16F7-4668-BE54-9A1E7A4F7556}") = "Persistence", "Persistence\Persistence.csproj", "{F1EDF8D6-F913-4E9C-9DEF-D34A047E6612}"
EndProject
Project("{9A19103F-16F7-4668-BE54-9A1E7A4F7556}") = "Domain", "Domain\Domain.csproj", "{782BF583-2D57-4610-89E5-700F82F0F319}"
EndProject
Project("{9A19103F-16F7-4668-BE54-9A1E7A4F7556}") = "Services", "Services\Services.csproj", "{82CDAFD0-2D28-4417-BCAC-0E275E122A2D}"
EndProject
Project("{9A19103F-16F7-4668-BE54-9A1E7A4F7556}") = "UI", "UI\UI.csproj", "{555921C4-C7FB-4FA0-BF55-29994154337C}"
EndProject
Project("{9A19103F-16F7-4668-BE54-9A1E7A4F7556}") = "Main", "Main\Main.csproj", "{F4418545-11D6-4F0F-9696-6E69492B1782}"
EndProject
Project("{FAE04EC0-301F-11D3-BF4B-00C04F79EFBC}") = "Interfaces", "Interfaces\Interfaces.csproj", "{53733F34-32CF-435C-BD14-C354FA8EB33A}"
EndProject
Global
	GlobalSection(SolutionConfigurationPlatforms) = preSolution
		Debug|Any CPU = Debug|Any CPU
		Release|Any CPU = Release|Any CPU
	EndGlobalSection
	GlobalSection(ProjectConfigurationPlatforms) = postSolution
		{F1EDF8D6-F913-4E9C-9DEF-D34A047E6612}.Debug|Any CPU.ActiveCfg = Debug|Any CPU
		{F1EDF8D6-F913-4E9C-9DEF-D34A047E6612}.Debug|Any CPU.Build.0 = Debug|Any CPU
		{F1EDF8D6-F913-4E9C-9DEF-D34A047E6612}.Release|Any CPU.ActiveCfg = Release|Any CPU
		{F1EDF8D6-F913-4E9C-9DEF-D34A047E6612}.Release|Any CPU.Build.0 = Release|Any CPU
		{782BF583-2D57-4610-89E5-700F82F0F319}.Debug|Any CPU.ActiveCfg = Debug|Any CPU
		{782BF583-2D57-4610-89E5-700F82F0F319}.Debug|Any CPU.Build.0 = Debug|Any CPU
		{782BF583-2D57-4610-89E5-700F82F0F319}.Release|Any CPU.ActiveCfg = Release|Any CPU
		{782BF583-2D57-4610-89E5-700F82F0F319}.Release|Any CPU.Build.0 = Release|Any CPU
		{82CDAFD0-2D28-4417-BCAC-0E275E122A2D}.Debug|Any CPU.ActiveCfg = Debug|Any CPU
		{82CDAFD0-2D28-4417-BCAC-0E275E122A2D}.Debug|Any CPU.Build.0 = Debug|Any CPU
		{82CDAFD0-2D28-4417-BCAC-0E275E122A2D}.Release|Any CPU.ActiveCfg = Release|Any CPU
		{82CDAFD0-2D28-4417-BCAC-0E275E122A2D}.Release|Any CPU.Build.0 = Release|Any CPU
		{555921C4-C7FB-4FA0-BF55-29994154337C}.Debug|Any CPU.ActiveCfg = Debug|Any CPU
		{555921C4-C7FB-4FA0-BF55-29994154337C}.Debug|Any CPU.Build.0 = Debug|Any CPU
		{555921C4-C7FB-4FA0-BF55-29994154337C}.Release|Any CPU.ActiveCfg = Release|Any CPU
		{555921C4-C7FB-4FA0-BF55-29994154337C}.Release|Any CPU.Build.0 = Release|Any CPU
		{F4418545-11D6-4F0F-9696-6E69492B1782}.Debug|Any CPU.ActiveCfg = Debug|Any CPU
		{F4418545-11D6-4F0F-9696-6E69492B1782}.Debug|Any CPU.Build.0 = Debug|Any CPU
		{F4418545-11D6-4F0F-9696-6E69492B1782}.Release|Any CPU.ActiveCfg = Release|Any CPU
		{F4418545-11D6-4F0F-9696-6E69492B1782}.Release|Any CPU.Build.0 = Release|Any CPU
		{53733F34-32CF-435C-BD14-C354FA8EB33A}.Debug|Any CPU.ActiveCfg = Debug|Any CPU
		{53733F34-32CF-435C-BD14-C354FA8EB33A}.Debug|Any CPU.Build.0 = Debug|Any CPU
		{53733F34-32CF-435C-BD14-C354FA8EB33A}.Release|Any CPU.ActiveCfg = Release|Any CPU
		{53733F34-32CF-435C-BD14-C354FA8EB33A}.Release|Any CPU.Build.0 = Release|Any CPU
	EndGlobalSection
	GlobalSection(SolutionProperties) = preSolution
		HideSolutionNode = FALSE
	EndGlobalSection
	GlobalSection(ExtensibilityGlobals) = postSolution
		SolutionGuid = {C7542045-2C2D-4BDE-9BF0-5CBF4C9CC112}
	EndGlobalSection
EndGlobal
